
Microsoft Visual Studio Solution File, Format Version 12.00
# Visual Studio 15
VisualStudioVersion = 15.0.26124.0
MinimumVisualStudioVersion = 15.0.26124.0
Project("{2150E333-8FDC-42A3-9474-1A3956D46DE8}") = "src", "src", "{4E3DCF79-00DD-45BC-8724-C3459EB7374C}"
EndProject
Project("{FAE04EC0-301F-11D3-BF4B-00C04F79EFBC}") = "GradeBook", "src\gradebook\GradeBook.csproj", "{A2B5A676-2BA6-4990-A86D-A5973A873FF2}"
EndProject
Project("{2150E333-8FDC-42A3-9474-1A3956D46DE8}") = "test", "test", "{8F508A46-DFF8-42A3-84F6-81EDF0EBF43A}"
EndProject
Project("{FAE04EC0-301F-11D3-BF4B-00C04F79EFBC}") = "GradeBook.Tests", "test\GradeBook.Tests\GradeBook.Tests.csproj", "{67694F1C-FE3B-42C1-82A3-0626CE34CF4F}"
EndProject
Global
	GlobalSection(SolutionConfigurationPlatforms) = preSolution
		Debug|Any CPU = Debug|Any CPU
		Debug|x64 = Debug|x64
		Debug|x86 = Debug|x86
		Release|Any CPU = Release|Any CPU
		Release|x64 = Release|x64
		Release|x86 = Release|x86
	EndGlobalSection
	GlobalSection(SolutionProperties) = preSolution
		HideSolutionNode = FALSE
	EndGlobalSection
	GlobalSection(ProjectConfigurationPlatforms) = postSolution
		{A2B5A676-2BA6-4990-A86D-A5973A873FF2}.Debug|Any CPU.ActiveCfg = Debug|Any CPU
		{A2B5A676-2BA6-4990-A86D-A5973A873FF2}.Debug|Any CPU.Build.0 = Debug|Any CPU
		{A2B5A676-2BA6-4990-A86D-A5973A873FF2}.Debug|x64.ActiveCfg = Debug|Any CPU
		{A2B5A676-2BA6-4990-A86D-A5973A873FF2}.Debug|x64.Build.0 = Debug|Any CPU
		{A2B5A676-2BA6-4990-A86D-A5973A873FF2}.Debug|x86.ActiveCfg = Debug|Any CPU
		{A2B5A676-2BA6-4990-A86D-A5973A873FF2}.Debug|x86.Build.0 = Debug|Any CPU
		{A2B5A676-2BA6-4990-A86D-A5973A873FF2}.Release|Any CPU.ActiveCfg = Release|Any CPU
		{A2B5A676-2BA6-4990-A86D-A5973A873FF2}.Release|Any CPU.Build.0 = Release|Any CPU
		{A2B5A676-2BA6-4990-A86D-A5973A873FF2}.Release|x64.ActiveCfg = Release|Any CPU
		{A2B5A676-2BA6-4990-A86D-A5973A873FF2}.Release|x64.Build.0 = Release|Any CPU
		{A2B5A676-2BA6-4990-A86D-A5973A873FF2}.Release|x86.ActiveCfg = Release|Any CPU
		{A2B5A676-2BA6-4990-A86D-A5973A873FF2}.Release|x86.Build.0 = Release|Any CPU
		{67694F1C-FE3B-42C1-82A3-0626CE34CF4F}.Debug|Any CPU.ActiveCfg = Debug|Any CPU
		{67694F1C-FE3B-42C1-82A3-0626CE34CF4F}.Debug|Any CPU.Build.0 = Debug|Any CPU
		{67694F1C-FE3B-42C1-82A3-0626CE34CF4F}.Debug|x64.ActiveCfg = Debug|Any CPU
		{67694F1C-FE3B-42C1-82A3-0626CE34CF4F}.Debug|x64.Build.0 = Debug|Any CPU
		{67694F1C-FE3B-42C1-82A3-0626CE34CF4F}.Debug|x86.ActiveCfg = Debug|Any CPU
		{67694F1C-FE3B-42C1-82A3-0626CE34CF4F}.Debug|x86.Build.0 = Debug|Any CPU
		{67694F1C-FE3B-42C1-82A3-0626CE34CF4F}.Release|Any CPU.ActiveCfg = Release|Any CPU
		{67694F1C-FE3B-42C1-82A3-0626CE34CF4F}.Release|Any CPU.Build.0 = Release|Any CPU
		{67694F1C-FE3B-42C1-82A3-0626CE34CF4F}.Release|x64.ActiveCfg = Release|Any CPU
		{67694F1C-FE3B-42C1-82A3-0626CE34CF4F}.Release|x64.Build.0 = Release|Any CPU
		{67694F1C-FE3B-42C1-82A3-0626CE34CF4F}.Release|x86.ActiveCfg = Release|Any CPU
		{67694F1C-FE3B-42C1-82A3-0626CE34CF4F}.Release|x86.Build.0 = Release|Any CPU
	EndGlobalSection
	GlobalSection(NestedProjects) = preSolution
		{A2B5A676-2BA6-4990-A86D-A5973A873FF2} = {4E3DCF79-00DD-45BC-8724-C3459EB7374C}
		{67694F1C-FE3B-42C1-82A3-0626CE34CF4F} = {8F508A46-DFF8-42A3-84F6-81EDF0EBF43A}
	EndGlobalSection
EndGlobal
